version: 6
environments:
  default:
    channels:
    - url: https://conda.anaconda.org/conda-forge/
    options:
      pypi-prerelease-mode: if-necessary-or-explicit
    packages:
      linux-64:
      - conda: https://conda.anaconda.org/conda-forge/linux-64/_openmp_mutex-4.5-20_gnu.conda
      - conda: https://conda.anaconda.org/conda-forge/noarch/_python_abi3_support-1.0-hd8ed1ab_3.conda
      - conda: https://conda.anaconda.org/conda-forge/noarch/backports-1.0-pyhd8ed1ab_5.conda
      - conda: https://conda.anaconda.org/conda-forge/noarch/backports.tarfile-1.2.0-pyhcf101f3_2.conda
      - conda: https://conda.anaconda.org/conda-forge/noarch/backports.zstd-1.7.0-py314h680f03e_1.conda
      - conda: https://conda.anaconda.org/conda-forge/linux-64/brotli-python-1.2.0-py314hcd2bdb6_4.conda
      - conda: https://conda.anaconda.org/conda-forge/linux-64/bzip2-1.0.8-hda65f42_10.conda
      - conda: https://conda.anaconda.org/conda-forge/noarch/ca-certificates-2026.7.22-hbd8a1cb_0.conda
      - conda: https://conda.anaconda.org/conda-forge/noarch/certifi-2026.7.22-pyhd8ed1ab_0.conda
      - conda: https://conda.anaconda.org/conda-forge/linux-64/cffi-2.1.1-py314h8d76f0c_3.conda
      - conda: https://conda.anaconda.org/conda-forge/linux-64/charset-normalizer-3.5.2-h1114479_0.conda
      - conda: https://conda.anaconda.org/conda-forge/noarch/colorama-0.4.6-pyhd8ed1ab_1.conda
      - conda: https://conda.anaconda.org/conda-forge/linux-64/comrak-0.55.0-hf19af3b_0.conda
      - conda: https://conda.anaconda.org/conda-forge/noarch/cpython-3.14.7-py314hd8ed1ab_106.conda
      - conda: https://conda.anaconda.org/conda-forge/linux-64/cryptography-50.0.2-py311hc91d8b8_0.conda
      - conda: https://conda.anaconda.org/conda-forge/linux-64/dbus-1.16.2-he8c428d_2.conda
      - conda: https://conda.anaconda.org/conda-forge/noarch/docutils-0.23-pyhcf101f3_0.conda
      - conda: https://conda.anaconda.org/conda-forge/noarch/h2-4.4.1-pyhcf101f3_0.conda
      - conda: https://conda.anaconda.org/conda-forge/noarch/hpack-4.2.0-pyhd8ed1ab_0.conda
      - conda: https://conda.anaconda.org/conda-forge/noarch/hyperframe-6.1.0-pyhd8ed1ab_0.conda
      - conda: https://conda.anaconda.org/conda-forge/linux-64/icu-78.3-py310h44b86e0_2.conda
      - conda: https://conda.anaconda.org/conda-forge/noarch/id-1.6.1-pyhcf101f3_0.conda
      - conda: https://conda.anaconda.org/conda-forge/noarch/idna-3.20-pyh5ded981_0.conda
      - conda: https://conda.anaconda.org/conda-forge/noarch/importlib-metadata-9.0.1-pyhcf101f3_0.conda
      - conda: https://conda.anaconda.org/conda-forge/noarch/importlib_resources-7.1.0-pyhd8ed1ab_0.conda
      - conda: https://conda.anaconda.org/conda-forge/noarch/jaraco.classes-3.4.0-pyhcf101f3_3.conda
      - conda: https://conda.anaconda.org/conda-forge/noarch/jaraco.context-6.1.2-pyhcf101f3_0.conda
      - conda: https://conda.anaconda.org/conda-forge/noarch/jaraco.functools-4.6.0-pyhcf101f3_0.conda
      - conda: https://conda.anaconda.org/conda-forge/noarch/jeepney-0.9.0-pyhd8ed1ab_0.conda
      - conda: https://conda.anaconda.org/conda-forge/noarch/keyring-25.7.0-pyha804496_0.conda
      - conda: https://conda.anaconda.org/conda-forge/linux-64/ld_impl_linux-64-2.46.1-default_hbd61a6d_102.conda
      - conda: https://conda.anaconda.org/conda-forge/linux-64/libexpat-2.8.5-hd2095e1_0.conda
      - conda: https://conda.anaconda.org/conda-forge/linux-64/libffi-3.7.0-h81df57d_1.conda
      - conda: https://conda.anaconda.org/conda-forge/linux-64/libgcc-16.2.0-ha9f2e26_7.conda
      - conda: https://conda.anaconda.org/conda-forge/linux-64/libglib-2.90.0-h569388d_0.conda
      - conda: https://conda.anaconda.org/conda-forge/linux-64/libgomp-16.2.0-he0feb66_7.conda
      - conda: https://conda.anaconda.org/conda-forge/linux-64/libiconv-1.18-h0cb94f2_3.conda
      - conda: https://conda.anaconda.org/conda-forge/linux-64/liblzma-5.8.3-hb03c661_1.conda
      - conda: https://conda.anaconda.org/conda-forge/linux-64/libmpdec-4.0.0-hb03c661_2.conda
      - conda: https://conda.anaconda.org/conda-forge/linux-64/libpython-3.14.7-hdc7f604_106_cp314.conda
      - conda: https://conda.anaconda.org/conda-forge/linux-64/libsqlite-3.53.4-h13e7031_1.conda
      - conda: https://conda.anaconda.org/conda-forge/linux-64/libstdcxx-16.2.0-h934c35e_7.conda
      - conda: https://conda.anaconda.org/conda-forge/linux-64/libuuid-2.42.4-hcfc3c73_0.conda
      - conda: https://conda.anaconda.org/conda-forge/linux-64/libzlib-1.3.2-h25fd6f3_3.conda
      - conda: https://conda.anaconda.org/conda-forge/noarch/markdown-it-py-4.2.0-pyhd8ed1ab_0.conda
      - conda: https://conda.anaconda.org/conda-forge/noarch/mdurl-0.1.2-pyhd8ed1ab_1.conda
      - conda: https://conda.anaconda.org/conda-forge/noarch/more-itertools-11.1.0-pyhcf101f3_0.conda
      - conda: https://conda.anaconda.org/conda-forge/linux-64/ncurses-6.6-hdb14827_1.conda
      - conda: https://conda.anaconda.org/conda-forge/linux-64/nh3-0.3.7-py310h300b7de_0.conda
      - conda: https://conda.anaconda.org/conda-forge/linux-64/openssl-3.6.4-h781a0a9_0.conda
      - conda: https://conda.anaconda.org/conda-forge/noarch/packaging-26.3-pyhc364b38_0.conda
      - conda: https://conda.anaconda.org/conda-forge/linux-64/pcre2-10.47-h8b3dc9c_1.conda
      - conda: https://conda.anaconda.org/conda-forge/noarch/pycparser-3.0-pyhcf101f3_0.conda
      - conda: https://conda.anaconda.org/conda-forge/noarch/pygments-2.21.0-pyhcf101f3_0.conda
      - conda: https://conda.anaconda.org/conda-forge/noarch/pyproject_hooks-1.2.0-pyhd8ed1ab_1.conda
      - conda: https://conda.anaconda.org/conda-forge/noarch/pysocks-1.7.1-pyha55dd90_7.conda
      - conda: https://conda.anaconda.org/conda-forge/linux-64/python-3.14.7-hcd007b5_106_cp314.conda
      - conda: https://conda.anaconda.org/conda-forge/noarch/python-build-1.6.1-pyhc364b38_0.conda
      - conda: https://conda.anaconda.org/conda-forge/noarch/python-gil-3.14.7-h4df99d1_106.conda
      - conda: https://conda.anaconda.org/conda-forge/noarch/python_abi-3.14-9_cp314.conda
      - conda: https://conda.anaconda.org/conda-forge/linux-64/readline-8.3-hd6e31c0_1.conda
      - conda: https://conda.anaconda.org/conda-forge/noarch/readme_renderer-46.0-pyhcf101f3_0.conda
      - conda: https://conda.anaconda.org/conda-forge/noarch/requests-2.34.2-pyhcf101f3_0.conda
      - conda: https://conda.anaconda.org/conda-forge/noarch/requests-toolbelt-1.0.0-pyhd8ed1ab_1.conda
      - conda: https://conda.anaconda.org/conda-forge/noarch/rfc3986-2.0.0-pyhd8ed1ab_1.conda
      - conda: https://conda.anaconda.org/conda-forge/noarch/rich-15.0.0-pyhcf101f3_0.conda
      - conda: https://conda.anaconda.org/conda-forge/noarch/secretstorage-3.5.0-pyhc9edb4d_3.conda
      - conda: https://conda.anaconda.org/conda-forge/linux-64/tk-8.6.13-noxft_h1df4ec4_4.conda
      - conda: https://conda.anaconda.org/conda-forge/noarch/tomli-2.4.1-pyhcf101f3_0.conda
      - conda: https://conda.anaconda.org/conda-forge/noarch/twine-7.0.0-pyhcf101f3_0.conda
      - conda: https://conda.anaconda.org/conda-forge/noarch/typing_extensions-4.16.0-pyhcf101f3_0.conda
      - conda: https://conda.anaconda.org/conda-forge/noarch/tzdata-2026c-h151e31d_0.conda
      - conda: https://conda.anaconda.org/conda-forge/noarch/urllib3-2.8.0-pyhd8ed1ab_0.conda
      - conda: https://conda.anaconda.org/conda-forge/noarch/zipp-4.1.0-pyhcf101f3_0.conda
      - conda: https://conda.anaconda.org/conda-forge/linux-64/zstd-1.5.7-hb78ec9c_7.conda
packages:
- conda: https://conda.anaconda.org/conda-forge/linux-64/_openmp_mutex-4.5-20_gnu.conda
  build_number: 20
  sha256: 1dd3fffd892081df9726d7eb7e0dea6198962ba775bd88842135a4ddb4deb3c9
  md5: a9f577daf3de00bca7c3c76c0ecbd1de
  depends:
  - __glibc >=2.17,<3.0.a0
  - libgomp >=7.5.0
  constrains:
  - openmp_impl <0.0a0
  license: BSD-3-Clause
  license_family: BSD
  purls: []
  size: 28948
  timestamp: 1770939786096
- conda: https://conda.anaconda.org/conda-forge/noarch/_python_abi3_support-1.0-hd8ed1ab_3.conda
  sha256: 2a7204314663eeda5dec482a956f0e2eaf289bd5b9953eaaaad0e81aa64638f2
  md5: 3845f3d75991bae0fb90884662f4327c
  depends:
  - cpython
  - python-gil
  license: MIT
  license_family: MIT
  size: 8144
  timestamp: 1784221492234
- conda: https://conda.anaconda.org/conda-forge/noarch/backports-1.0-pyhd8ed1ab_5.conda
  sha256: e1c3dc8b5aa6e12145423fed262b4754d70fec601339896b9ccf483178f690a6
  md5: 767d508c1a67e02ae8f50e44cacfadb2
  depends:
  - python >=3.9
  license: BSD-3-Clause
  license_family: BSD
  size: 7069
  timestamp: 1733218168786
- conda: https://conda.anaconda.org/conda-forge/noarch/backports.tarfile-1.2.0-pyhcf101f3_2.conda
  sha256: 25abdb37e186f0d6ac3b774a63c81c5bc4bf554b5096b51343fa5e7c381193b1
  md5: bea46844deb274b2cc2a3a941745fa73
  depends:
  - python >=3.10
  - backports
  - python
  license: MIT
  license_family: MIT
  size: 35739
  timestamp: 1767290467820
- conda: https://conda.anaconda.org/conda-forge/noarch/backports.zstd-1.7.0-py314h680f03e_1.conda
  noarch: generic
  sha256: ad0f78582ee64ec1c66a3daac32986e81b400d3ac719e5a3cbdb22e55065760e
  md5: 67924260a851b5273e39f9b28b6b5e24
  depends:
  - python >=3.14
  license: BSD-3-Clause AND MIT AND EPL-2.0
  size: 7539
  timestamp: 1788491291925
- conda: https://conda.anaconda.org/conda-forge/linux-64/brotli-python-1.2.0-py314hcd2bdb6_4.conda
  sha256: e9cc0891a0dc5c3fa8c71dd2224491b6658c069af7a49ce4443158730990b6fd
  md5: d9aabceecc99b3b8b0eb7090c5776af4
  depends:
  - __glibc >=2.17,<3.0.a0
  - libgcc >=15
  - libstdcxx >=15
  - python >=3.14,<3.15.0a0
  - python_abi 3.14.* *_cp314
  constrains:
  - libbrotlicommon 1.2.0 h39a168f_4
  license: MIT
  license_family: MIT
  size: 367567
  timestamp: 1788480533506
- conda: https://conda.anaconda.org/conda-forge/linux-64/bzip2-1.0.8-hda65f42_10.conda
  sha256: 1a0d382c515ebf55f8ee1f38c8b81bc95af5c2acc42ad53b66bc5df932032f96
  md5: e675fabcf81499adc7edf58124fb1e01
  depends:
  - __glibc >=2.17,<3.0.a0
  - libgcc >=14
  license: bzip2-1.0.6
  license_family: BSD
  purls: []
  size: 257808
  timestamp: 1785906269155
- conda: https://conda.anaconda.org/conda-forge/noarch/ca-certificates-2026.7.22-hbd8a1cb_0.conda
  sha256: 0a0544cf95f64394fe4959286f5c71f5444ad58feb0602e53becb27448d24da6
  md5: 0f51e2391ade309db462a55611263e9c
  depends:
  - __unix
  license: ISC
  purls: []
  size: 131780
  timestamp: 1784754889428
- conda: https://conda.anaconda.org/conda-forge/noarch/certifi-2026.7.22-pyhd8ed1ab_0.conda
  sha256: fb167de4388e64e52aa3907ed099afab944c1fa6e5f74b281a312dae1bcf7f3b
  md5: 37e13edbe3b48f1095a9d085ef9cd83b
  depends:
  - python >=3.10
  license: ISC
  size: 137015
  timestamp: 1784717699092
- conda: https://conda.anaconda.org/conda-forge/linux-64/cffi-2.1.1-py314h8d76f0c_3.conda
  sha256: 15e38176fa2173e063a19dad3d55746ac4c757b028813380d7f22c42781af4c4
  md5: ee66d46f7693fdcbaa1761fb8a4f6c3d
  depends:
  - __glibc >=2.17,<3.0.a0
  - libffi >=3.7.0,<3.8.0a0
  - libgcc >=15
  - pycparser
  - python >=3.14,<3.15.0a0
  - python_abi 3.14.* *_cp314
  license: MIT
  license_family: MIT
  size: 307262
  timestamp: 1788485305536
- conda: https://conda.anaconda.org/conda-forge/linux-64/charset-normalizer-3.5.2-h1114479_0.conda
  noarch: python
  sha256: e4f04b45d68716fcc47c808aeacbf165f6f295fb91bd20b91aa38942b8d2cdc6
  md5: 78d5c6112c9320a1a797935cecfec7c2
  depends:
  - python
  - libgcc >=15
  - __glibc >=2.17,<3.0.a0
  - _python_abi3_support 1.*
  - cpython >=3.9
  license: MIT
  size: 217200
  timestamp: 1790766086110
- conda: https://conda.anaconda.org/conda-forge/noarch/colorama-0.4.6-pyhd8ed1ab_1.conda
  sha256: ab29d57dc70786c1269633ba3dff20288b81664d3ff8d21af995742e2bb03287
  md5: 962b9857ee8e7018c22f2776ffa0b2d7
  depends:
  - python >=3.9
  license: BSD-3-Clause
  license_family: BSD
  size: 27011
  timestamp: 1733218222191
- conda: https://conda.anaconda.org/conda-forge/linux-64/comrak-0.55.0-hf19af3b_0.conda
  sha256: ed797b90e4e08853b143432a14186ca7638a096c8f0801bf0be620aeb5992e6f
  md5: 1553a9323274ad4db8ea3db1c04944ae
  depends:
  - libgcc >=15
  - __glibc >=2.17,<3.0.a0
  constrains:
  - __glibc >=2.17
  license: BSD-2-Clause
  license_family: BSD
  size: 1279979
  timestamp: 1788720436488
- conda: https://conda.anaconda.org/conda-forge/noarch/cpython-3.14.7-py314hd8ed1ab_106.conda
  noarch: generic
  sha256: fd701880cf6f696420aa5b4b530dbdf0c83a16bdb50aeb760b3159eec5c416bf
  md5: 3b52b830ac00367685c08f98f50963bf
  depends:
  - python >=3.14,<3.15.0a0
  - python_abi * *_cp314
  license: Python-2.0
  size: 51289
  timestamp: 1788383537525
- conda: https://conda.anaconda.org/conda-forge/linux-64/cryptography-50.0.2-py311hc91d8b8_0.conda
  noarch: python
  sha256: d1956b37648b45d54e884d765223974fe6e26d4e7ea248cd08c625ba8cd823ab
  md5: e9af843b1d7656fd6bdbe9aa69e95579
  depends:
  - python
  - cffi >=2.0
  - libgcc >=15
  - __glibc >=2.17,<3.0.a0
  - _python_abi3_support 1.*
  - cpython >=3.11
  - openssl >=3.5.8,<4.0a0
  constrains:
  - __glibc >=2.17
  license: Apache-2.0 AND BSD-3-Clause AND PSF-2.0 AND MIT
  size: 1830947
  timestamp: 1790790516832
- conda: https://conda.anaconda.org/conda-forge/linux-64/dbus-1.16.2-he8c428d_2.conda
  sha256: 87a0a42d4ccc527597eff3234509dfb03e0d9bf67d5e2b6fc758e2ef389d8abe
  md5: a6eb37b51be1a9a654dc3a8aca039b1a
  depends:
  - __glibc >=2.17,<3.0.a0
  - libgcc >=15
  - libstdcxx >=15
  - libexpat >=2.8.1,<3.0a0
  - libzlib >=1.3.2,<2.0a0
  - libglib >=2.88.3,<3.0a0
  license: AFL-2.1 OR GPL-2.0-or-later
  size: 449564
  timestamp: 1788197922783
- conda: https://conda.anaconda.org/conda-forge/noarch/docutils-0.23-pyhcf101f3_0.conda
  sha256: def3b2566a1702fa083a8984753ac0b3e3f7381048f88714e03d55b7bd930b74
  md5: 2c3958e02221c2504ec036139e648d8b
  depends:
  - python >=3.10
  - python
  license: LGPL-3.0-only
  license_family: LGPL
  size: 459540
  timestamp: 1779967837277
- conda: https://conda.anaconda.org/conda-forge/noarch/h2-4.4.1-pyhcf101f3_0.conda
  sha256: 307dd6ec90140c3cf4171071b0e5e870abec314f4565c1edd5bc433e942cdcc0
  md5: e652ac7756069c456d0da2a922cd7df5
  depends:
  - python >=3.10
  - hyperframe >=6.1,<7
  - hpack >=4.2,<5
  - python
  license: MIT
  license_family: MIT
  size: 100789
  timestamp: 1785796355216
- conda: https://conda.anaconda.org/conda-forge/noarch/hpack-4.2.0-pyhd8ed1ab_0.conda
  sha256: fdcea5d7cb314485d3907192ef024c704311548c5b0cbeb390cd1951051e29d2
  md5: b395909221b9bd1df066e5930e18855b
  depends:
  - python >=3.10
  license: MIT
  license_family: MIT
  size: 32884
  timestamp: 1782283986153
- conda: https://conda.anaconda.org/conda-forge/noarch/hyperframe-6.1.0-pyhd8ed1ab_0.conda
  sha256: 77af6f5fe8b62ca07d09ac60127a30d9069fdc3c68d6b256754d0ffb1f7779f8
  md5: 8e6923fc12f1fe8f8c4e5c9f343256ac
  depends:
  - python >=3.9
  license: MIT
  license_family: MIT
  size: 17397
  timestamp: 1737618427549
- conda: https://conda.anaconda.org/conda-forge/linux-64/icu-78.3-py310h44b86e0_2.conda
  sha256: 9f07834f0c546ab14d885ce0366285f61f44e326c0edd1fc63b8294e113ae432
  md5: 72a381cbad04f24b1c2a43ef707f45b4
  depends:
  - __glibc >=2.17,<3.0.a0
  - libstdcxx >=14
  - libgcc >=14
  license: MIT
  license_family: MIT
  purls: []
  size: 14459115
  timestamp: 1786545741408
- conda: https://conda.anaconda.org/conda-forge/noarch/id-1.6.1-pyhcf101f3_0.conda
  sha256: 54c80a4ca6e6a19b4bb89c829f757d0de00362a3bfa4647517d2ebd519717f0f
  md5: 563a022fc58cf7a200c35cb3fee07a6b
  depends:
  - python >=3.10
  - urllib3 >=2,<3
  - python
  license: Apache-2.0
  license_family: APACHE
  size: 27972
  timestamp: 1770237711404
- conda: https://conda.anaconda.org/conda-forge/noarch/idna-3.20-pyh5ded981_0.conda
  sha256: e044b1ec829e2e24f971fa3f3408eb26f1db836e521a58f08b0fd9a03fee47be
  md5: ee73be987f9de9ea5c2fdaeefa7b6491
  depends:
  - python >=3.11
  - python
  license: BSD-3-Clause
  license_family: BSD
  size: 178572
  timestamp: 1790020377150
- conda: https://conda.anaconda.org/conda-forge/noarch/importlib-metadata-9.0.1-pyhcf101f3_0.conda
  sha256: 95a074a7d3f58b3494c068d4789c364dcb591c56b70ca6b12f149a540f9aeea4
  md5: 77ec68e0aa61c3fff9ecbf840f93d64e
  depends:
  - python >=3.10
  - zipp >=3.20
  - python
  license: Apache-2.0
  license_family: APACHE
  size: 34920
  timestamp: 1787943971257
- conda: https://conda.anaconda.org/conda-forge/noarch/importlib_resources-7.1.0-pyhd8ed1ab_0.conda
  sha256: a563a51aa522998172838e867e6dedcf630bc45796e8612f5a1f6d73e9c8125a
  md5: 0ba6225c279baf7ea9473a62ea0ec9ae
  depends:
  - python >=3.10
  - zipp >=3.1.0
  constrains:
  - importlib-resources >=7.1.0,<7.1.1.0a0
  license: Apache-2.0
  license_family: APACHE
  size: 34809
  timestamp: 1776068839274
- conda: https://conda.anaconda.org/conda-forge/noarch/jaraco.classes-3.4.0-pyhcf101f3_3.conda
  sha256: 3cc991f0f09dfd00d2626e745ba68da03e4f1dcbb7b36dd20f7a7373643cd5d5
  md5: d59568bad316413c89831456e691de29
  depends:
  - python >=3.10
  - more-itertools
  - python
  license: MIT
  license_family: MIT
  size: 14831
  timestamp: 1767294269456
- conda: https://conda.anaconda.org/conda-forge/noarch/jaraco.context-6.1.2-pyhcf101f3_0.conda
  sha256: 108b3919db8ef81b5585b38a3fedbe9eeccdf8fa576c250a13559a1188f597cc
  md5: b9d2b1ffa307961f6bb7d83c8ba8a8be
  depends:
  - python >=3.10
  - backports.tarfile
  - python
  license: MIT
  license_family: MIT
  size: 16222
  timestamp: 1776862415793
- conda: https://conda.anaconda.org/conda-forge/noarch/jaraco.functools-4.6.0-pyhcf101f3_0.conda
  sha256: d23b9e8e8d5968699ec2bc9f8d182598e86e494dbe8a3a71b4a53b1be9a3cb16
  md5: 8665b873062a31a90b563bf493f9fb2c
  depends:
  - python >=3.10
  - more-itertools
  - python
  license: MIT
  license_family: MIT
  size: 18997
  timestamp: 1784015600777
- conda: https://conda.anaconda.org/conda-forge/noarch/jeepney-0.9.0-pyhd8ed1ab_0.conda
  sha256: 00d37d85ca856431c67c8f6e890251e7cc9e5ef3724a0302b8d4a101f22aa27f
  md5: b4b91eb14fbe2f850dd2c5fc20676c0d
  depends:
  - python >=3.9
  license: MIT
  license_family: MIT
  size: 40015
  timestamp: 1740828380668
- conda: https://conda.anaconda.org/conda-forge/noarch/keyring-25.7.0-pyha804496_0.conda
  sha256: 010718b1b1a35ce72782d38e6d6b9495d8d7d0dbea9a3e42901d030ff2189545
  md5: 9eeb0eaf04fa934808d3e070eebbe630
  depends:
  - __linux
  - importlib-metadata >=4.11.4
  - importlib_resources
  - jaraco.classes
  - jaraco.context
  - jaraco.functools
  - jeepney >=0.4.2
  - python >=3.10
  - secretstorage >=3.2
  license: MIT
  license_family: MIT
  size: 37717
  timestamp: 1763320674488
- conda: https://conda.anaconda.org/conda-forge/linux-64/ld_impl_linux-64-2.46.1-default_hbd61a6d_102.conda
  sha256: 27d83f1188cd19bcb7754a078b3fa7f4cfb8527f8eb2fde54dd01fc529d1adec
  md5: 449500f2c089da11c40f5c21312e3e07
  depends:
  - __glibc >=2.17,<3.0.a0
  - zstd >=1.5.7,<1.6.0a0
  constrains:
  - binutils_impl_linux-64 2.46.1
  license: GPL-3.0-only
  license_family: GPL
  purls: []
  size: 745303
  timestamp: 1784214507189
- conda: https://conda.anaconda.org/conda-forge/linux-64/libexpat-2.8.5-hd2095e1_0.conda
  sha256: 6de73033a7c5f712c9c5a54124e4581e025691029835e5bceaf10a333a7e7bc0
  md5: 72cfd2b95b0540247220b42f58a148d7
  depends:
  - __glibc >=2.17,<3.0.a0
  - libgcc >=15
  constrains:
  - expat 2.8.5.*
  license: MIT
  license_family: MIT
  purls: []
  size: 77893
  timestamp: 1790346247149
- conda: https://conda.anaconda.org/conda-forge/linux-64/libffi-3.7.0-h81df57d_1.conda
  sha256: c8c7583ef063bc3c430f1d48298e5ad24f796a35c22ed5b14183325825a61106
  md5: 6525a0b06aa4fd390795f0740636a9dd
  depends:
  - __glibc >=2.17,<3.0.a0
  - libgcc >=15
  license: MIT
  license_family: MIT
  purls: []
  size: 68004
  timestamp: 1787753412298
- conda: https://conda.anaconda.org/conda-forge/linux-64/libgcc-16.2.0-ha9f2e26_7.conda
  sha256: e031634c3a928f9594eba868bc46ef5230d6571a364a0c63215b06c4563bfcea
  md5: 735629b400b70eeab21a2ba8f5b1c2ce
  depends:
  - __glibc >=2.17,<3.0.a0
  - _openmp_mutex >=4.5
  constrains:
  - libgcc-ng ==16.2.0=*_7
  - libgomp 16.2.0 he0feb66_7
  license: GPL-3.0-only WITH GCC-exception-3.1
  license_family: GPL
  purls: []
  size: 1058444
  timestamp: 1790303109576
- conda: https://conda.anaconda.org/conda-forge/linux-64/libglib-2.90.0-h569388d_0.conda
  sha256: 9e688e046550415c030c3d08ed9a3fd13a51d7bc56295283b858b6c3070bb9f8
  md5: c85e9539551f1fd21104e518d940c244
  depends:
  - libgcc >=15
  - __glibc >=2.17,<3.0.a0
  - libiconv >=1.18,<2.0a0
  - pcre2 >=10.47,<10.48.0a0
  - libffi >=3.7.0,<3.8.0a0
  - libzlib >=1.3.2,<2.0a0
  constrains:
  - glib >2.66
  license: LGPL-2.1-or-later
  size: 4819130
  timestamp: 1789478025196
- conda: https://conda.anaconda.org/conda-forge/linux-64/libgomp-16.2.0-he0feb66_7.conda
  sha256: 92a0bb350c7be6a4eedcb4e111c60aefd176018e6b1c009a6e025dbe9bbcd758
  md5: d904c7ddd95e026254b4b80808ee9e12
  depends:
  - __glibc >=2.17,<3.0.a0
  license: GPL-3.0-only WITH GCC-exception-3.1
  license_family: GPL
  purls: []
  size: 640566
  timestamp: 1790303046034
- conda: https://conda.anaconda.org/conda-forge/linux-64/libiconv-1.18-h0cb94f2_3.conda
  sha256: f943117edb9cd4d9c61cc972eee5a34291dc55ea7a6e9e38da104995841cbcb6
  md5: f92233bf33e24a25668bb2119e2c51f9
  depends:
  - __glibc >=2.17,<3.0.a0
  - libgcc >=15
  license: LGPL-2.1-only
  size: 789471
  timestamp: 1787033836207
- conda: https://conda.anaconda.org/conda-forge/linux-64/liblzma-5.8.3-hb03c661_1.conda
  sha256: 9787df8c22a59c9a70d3e5a10db9ad663485e75e9ccc3f09bd092cb7b95e0dab
  md5: 1390b7c5ac0b1d8e447bc5efa6d3c8c2
  depends:
  - __glibc >=2.17,<3.0.a0
  - libgcc >=14
  constrains:
  - xz 5.8.3.*
  license: 0BSD
  purls: []
  size: 112995
  timestamp: 1786348617826
- conda: https://conda.anaconda.org/conda-forge/linux-64/libmpdec-4.0.0-hb03c661_2.conda
  sha256: 46820b4a835e175940ae20bec00fdddaff804cda27a1408ab1b95e77a2196437
  md5: fcfed1dc5053eb1901b66e7b1fc32588
  depends:
  - __glibc >=2.17,<3.0.a0
  - libgcc >=14
  license: BSD-2-Clause
  license_family: BSD
  purls: []
  size: 92759
  timestamp: 1786650399772
- conda: https://conda.anaconda.org/conda-forge/linux-64/libpython-3.14.7-hdc7f604_106_cp314.conda
  build_number: 106
  sha256: 5f879892bd439c3d94f4a97b06c214b9a19c4b92f74d84f0305c6ca1b2b239b2
  md5: 28af2158bb8dbb62e55b0af3b44f9d4a
  depends:
  - __glibc >=2.17,<3.0.a0
  - libgcc >=15
  - libstdcxx >=15
  license: Python-2.0
  purls: []
  size: 10520530
  timestamp: 1788383918299
- conda: https://conda.anaconda.org/conda-forge/linux-64/libsqlite-3.53.4-h13e7031_1.conda
  sha256: f20d70da54e5b31dd4a51fb1efeaafafd5ab6dd8d7ac9d1438eaa2526ac4ed3d
  md5: e72bbec309c2b0f37823ee7d4fabfcd3
  depends:
  - __glibc >=2.17,<3.0.a0
  - icu >=78.3,<79.0a0
  - libgcc >=15
  - libzlib >=1.3.2,<2.0a0
  license: blessing
  purls: []
  size: 974348
  timestamp: 1787051145557
- conda: https://conda.anaconda.org/conda-forge/linux-64/libstdcxx-16.2.0-h934c35e_7.conda
  sha256: fa7018298629fc429971fffd6ecba3d27a7b02e4e890d6a93ea01ffebe8cb745
  md5: 9b6707e0caca917fa6ea9ee473f37a5d
  depends:
  - __glibc >=2.17,<3.0.a0
  - libgcc 16.2.0 ha9f2e26_7
  constrains:
  - libstdcxx-ng ==16.2.0=*_7
  license: GPL-3.0-only WITH GCC-exception-3.1
  license_family: GPL
  purls: []
  size: 6615436
  timestamp: 1790303132935
- conda: https://conda.anaconda.org/conda-forge/linux-64/libuuid-2.42.4-hcfc3c73_0.conda
  sha256: f34b8d1de9a2bf62476d8608057d9b8a918d97444236dc53a47128f2fae79041
  md5: 54a948337e66706380ff24d6b5fde63f
  depends:
  - libgcc >=15
  - __glibc >=2.17,<3.0.a0
  license: BSD-3-Clause
  license_family: BSD
  purls: []
  size: 34442
  timestamp: 1790121449161
- conda: https://conda.anaconda.org/conda-forge/linux-64/libzlib-1.3.2-h25fd6f3_3.conda
  sha256: eb8a0db0aa570124f7d2a93d7c7f596e3390df5e047818d873baad32985fc736
  md5: 0de0122d9570a8ab637c6b73db268389
  depends:
  - __glibc >=2.17,<3.0.a0
  constrains:
  - zlib 1.3.2 *_3
  license: Zlib
  license_family: Other
  purls: []
  size: 63713
  timestamp: 1785362952714
- conda: https://conda.anaconda.org/conda-forge/noarch/markdown-it-py-4.2.0-pyhd8ed1ab_0.conda
  sha256: 0c4c35376fe920714390d46e4b8d31c876d65f18e1655899e0763ec25f2a902f
  md5: 6d03368f2b2b0a5fb6839df53b2eb5e0
  depends:
  - mdurl >=0.1,<1
  - python >=3.10
  license: MIT
  license_family: MIT
  size: 69017
  timestamp: 1778169663339
- conda: https://conda.anaconda.org/conda-forge/noarch/mdurl-0.1.2-pyhd8ed1ab_1.conda
  sha256: 78c1bbe1723449c52b7a9df1af2ee5f005209f67e40b6e1d3c7619127c43b1c7
  md5: 592132998493b3ff25fd7479396e8351
  depends:
  - python >=3.9
  license: MIT
  license_family: MIT
  size: 14465
  timestamp: 1733255681319
- conda: https://conda.anaconda.org/conda-forge/noarch/more-itertools-11.1.0-pyhcf101f3_0.conda
  sha256: 6725c1c8db9d025db763e1bba1acdcff2eb2ae20a7766a71512ea84081033288
  md5: 0e694257dbf916540b749c3ffc808efe
  depends:
  - python >=3.10
  - python
  license: MIT
  license_family: MIT
  size: 71270
  timestamp: 1779478190496
- conda: https://conda.anaconda.org/conda-forge/linux-64/ncurses-6.6-hdb14827_1.conda
  sha256: 5d46557214ed184381dafe835b7c94a474a1c3b307a08a250b1ea4779b44ffb3
  md5: ee6c0cd80a60961a1f48aa3e0b91f986
  depends:
  - __glibc >=2.17,<3.0.a0
  - libgcc >=14
  license: X11 AND BSD-3-Clause
  purls: []
  size: 911196
  timestamp: 1786355078102
- conda: https://conda.anaconda.org/conda-forge/linux-64/nh3-0.3.7-py310h300b7de_0.conda
  noarch: python
  sha256: 407b70c464def7feb261a9ad79add3db6ea978b1508617adeab790ad571d1705
  md5: 3daa2797f409eaa812a5914ee091bb8a
  depends:
  - python
  - __glibc >=2.17,<3.0.a0
  - libgcc >=15
  - _python_abi3_support 1.*
  - cpython >=3.10
  constrains:
  - __glibc >=2.17
  license: MIT
  license_family: MIT
  size: 690746
  timestamp: 1787526819319
- conda: https://conda.anaconda.org/conda-forge/linux-64/openssl-3.6.4-h781a0a9_0.conda
  sha256: 4747b2d6a8336f52343bceb8a1ebf41a9e6e665b9d2e3f989972de53a310599e
  md5: 16e3034a330cc625f2c685edec60cf4e
  depends:
  - __glibc >=2.17,<3.0.a0
  - ca-certificates
  - libgcc >=15
  license: Apache-2.0
  license_family: Apache
  purls: []
  size: 3202955
  timestamp: 1787698780103
- conda: https://conda.anaconda.org/conda-forge/noarch/packaging-26.3-pyhc364b38_0.conda
  sha256: c432626b16768b8dab228bfb706f7060c2d462a21c516d240f68f2f902b5a044
  md5: 936687ed80f295a1f5dbcf8bd34c252c
  depends:
  - python >=3.9
  - python
  license: Apache-2.0
  license_family: APACHE
  size: 116363
  timestamp: 1785888127370
- conda: https://conda.anaconda.org/conda-forge/linux-64/pcre2-10.47-h8b3dc9c_1.conda
  sha256: 9ebb10a4eb3be51ae67d85c679f5a7a50cb040ed25c783e6331a225ea09991d4
  md5: 06f6113cf1ff4a54b65f87ead132a5f1
  depends:
  - __glibc >=2.17,<3.0.a0
  - bzip2 >=1.0.8,<2.0a0
  - libgcc >=15
  - libzlib >=1.3.2,<2.0a0
  license: BSD-3-Clause
  license_family: BSD
  size: 1218833
  timestamp: 1787294571916
- conda: https://conda.anaconda.org/conda-forge/noarch/pycparser-3.0-pyhcf101f3_0.conda
  sha256: e27e0473fc6723311a0bd48b89b616fa1b996a2f7a2b555338cbbcfb9c640568
  md5: 9c5491066224083c41b6d5635ed7107b
  depends:
  - python >=3.10
  - python
  license: BSD-3-Clause
  license_family: BSD
  size: 55886
  timestamp: 1779293633166
- conda: https://conda.anaconda.org/conda-forge/noarch/pygments-2.21.0-pyhcf101f3_0.conda
  sha256: f5f015ff1bc3e1b7fc08eee096b1865234189ae0b82bebdb86a5369116e42fa0
  md5: 2882dee445dfa45b0c5afce3ffb7730a
  depends:
  - python >=3.10
  - python
  license: BSD-2-Clause
  license_family: BSD
  size: 959376
  timestamp: 1786995678795
- conda: https://conda.anaconda.org/conda-forge/noarch/pyproject_hooks-1.2.0-pyhd8ed1ab_1.conda
  sha256: 065ac44591da9abf1ff740feb25929554b920b00d09287a551fcced2c9791092
  md5: d4582021af437c931d7d77ec39007845
  depends:
  - python >=3.9
  - tomli >=1.1.0
  license: MIT
  license_family: MIT
  size: 15528
  timestamp: 1733710122949
- conda: https://conda.anaconda.org/conda-forge/noarch/pysocks-1.7.1-pyha55dd90_7.conda
  sha256: ba3b032fa52709ce0d9fd388f63d330a026754587a2f461117cac9ab73d8d0d8
  md5: 461219d1a5bd61342293efa2c0c90eac
  depends:
  - __unix
  - python >=3.9
  license: BSD-3-Clause
  license_family: BSD
  size: 21085
  timestamp: 1733217331982
- conda: https://conda.anaconda.org/conda-forge/linux-64/python-3.14.7-hcd007b5_106_cp314.conda
  build_number: 106
  sha256: 4cd05407d6b07d00fd5b6cc78bd2f60ae5e21f777eb26ead82be2e3751c610a1
  md5: 56ee91e118243e46bfc0c41e4030d354
  depends:
  - __glibc >=2.17,<3.0.a0
  - bzip2 >=1.0.8,<2.0a0
  - ld_impl_linux-64 >=2.36.1
  - libexpat >=2.8.1,<3.0a0
  - libffi >=3.7.0,<3.8.0a0
  - libgcc >=15
  - liblzma >=5.8.3,<6.0a0
  - libmpdec >=4.0.0,<5.0a0
  - libpython 3.14.7 hdc7f604_106_cp314
  - libsqlite >=3.53.4,<4.0a0
  - libuuid >=2.42.3,<3.0a0
  - libzlib >=1.3.2,<2.0a0
  - ncurses >=6.6,<7.0a0
  - openssl >=3.5.8,<4.0a0
  - python_abi 3.14.* *_cp314
  - readline >=8.3,<9.0a0
  - tk >=8.6.13,<8.7.0a0
  - tzdata
  - zstd >=1.5.7,<1.6.0a0
  license: Python-2.0
  purls: []
  size: 26484459
  timestamp: 1788383955577
  python_site_packages_path: lib/python3.14/site-packages
- conda: https://conda.anaconda.org/conda-forge/noarch/python-build-1.6.1-pyhc364b38_0.conda
  sha256: 28100eda1e92e786c25753d0ea9def9375d692726d2c76444a040be686b4dd9a
  md5: 3d3aeaee9182433cb5d4a433c1e94f58
  depends:
  - python >=3.10
  - colorama
  - importlib-metadata >=4.6
  - packaging >=24.0
  - pyproject_hooks
  - tomli >=1.1.0
  - python
  constrains:
  - build <0
  license: MIT
  license_family: MIT
  size: 33470
  timestamp: 1790158724551
- conda: https://conda.anaconda.org/conda-forge/noarch/python-gil-3.14.7-h4df99d1_106.conda
  sha256: 801ef80bc9f9394d9b3b5cae5a90c33cbbc33004b3e93195b93af818aad8888b
  md5: b672ecb44198ade19ef249bf99f4b1ff
  depends:
  - cpython 3.14.7.*
  - python_abi * *_cp314
  license: Python-2.0
  size: 51276
  timestamp: 1788383547342
- conda: https://conda.anaconda.org/conda-forge/noarch/python_abi-3.14-9_cp314.conda
  build_number: 9
  sha256: e7f8e965bbfb98e08feb2365cacdad8bb218fa5b5a0a2752f747287f425f213c
  md5: 350d89b50d7de805abf2e63e29dee451
  constrains:
  - python 3.14.* *_cp314
  license: BSD-3-Clause
  license_family: BSD
  purls: []
  size: 6791
  timestamp: 1788302824440
- conda: https://conda.anaconda.org/conda-forge/linux-64/readline-8.3-hd6e31c0_1.conda
  sha256: 01b3fe073a66e321970d09e04b388708f8cbdca5cdfbfcb7c9eeb470ad10383d
  md5: 69c01c781e7c8190bbdaf79e3848c5ca
  depends:
  - __glibc >=2.17,<3.0.a0
  - libgcc >=15
  - ncurses >=6.6,<7.0a0
  license: GPL-3.0-only
  license_family: GPL
  purls: []
  size: 348899
  timestamp: 1787033801506
- conda: https://conda.anaconda.org/conda-forge/noarch/readme_renderer-46.0-pyhcf101f3_0.conda
  sha256: d91c9c4ff6fba4248f5076f34aa26d20b54626f43a12f348a8ed1844057dbc26
  md5: e39ab45098c95a6463e2a626eed5fcbb
  depends:
  - nh3 >=0.2.14
  - comrak >=0.0.13
  - docutils >=0.21.2
  - pygments >=2.5.1
  - python >=3.10
  - python
  license: Apache-2.0
  license_family: APACHE
  size: 22552
  timestamp: 1788095111892
- conda: https://conda.anaconda.org/conda-forge/noarch/requests-2.34.2-pyhcf101f3_0.conda
  sha256: 1715246b19c9f85ee022933b4845f2fc14ac9184981b7b7d9b728bec8e9588da
  md5: 4a85203c1d80c1059086ae860836ffb9
  depends:
  - python >=3.10
  - certifi >=2023.5.7
  - charset-normalizer >=2,<4
  - idna >=2.5,<4
  - urllib3 >=1.26,<3
  - python
  constrains:
  - chardet >=3.0.2,<8
  license: Apache-2.0
  license_family: APACHE
  size: 68709
  timestamp: 1778851103479
- conda: https://conda.anaconda.org/conda-forge/noarch/requests-toolbelt-1.0.0-pyhd8ed1ab_1.conda
  sha256: c0b815e72bb3f08b67d60d5e02251bbb0164905b5f72942ff5b6d2a339640630
  md5: 66de8645e324fda0ea6ef28c2f99a2ab
  depends:
  - python >=3.9
  - requests >=2.0.1,<3.0.0
  license: Apache-2.0
  license_family: APACHE
  size: 44285
  timestamp: 1733734886897
- conda: https://conda.anaconda.org/conda-forge/noarch/rfc3986-2.0.0-pyhd8ed1ab_1.conda
  sha256: d617373ba1a5108336cb87754d030b9e384dcf91796d143fa60fe61e76e5cfb0
  md5: 43e14f832d7551e5a8910672bfc3d8c6
  depends:
  - python >=3.9
  license: Apache-2.0
  license_family: APACHE
  size: 38028
  timestamp: 1733921806657
- conda: https://conda.anaconda.org/conda-forge/noarch/rich-15.0.0-pyhcf101f3_0.conda
  sha256: 3d6ba2c0fcdac3196ba2f0615b4104e532525ffa1335b50a2878be5ff488814a
  md5: 0242025a3c804966bf71aa04eee82f66
  depends:
  - markdown-it-py >=2.2.0
  - pygments >=2.13.0,<3.0.0
  - python >=3.10
  - typing_extensions >=4.0.0,<5.0.0
  - python
  license: MIT
  license_family: MIT
  size: 208577
  timestamp: 1775991661559
- conda: https://conda.anaconda.org/conda-forge/noarch/secretstorage-3.5.0-pyhc9edb4d_3.conda
  sha256: 8737d5470befc491447e8ec9f8d9eb486cee3c536190609f71dcfc38d07304b1
  md5: 0792c92f542eaa716b6f2331e25f0027
  depends:
  - __linux
  - cryptography >=2.0
  - dbus
  - jeepney >=0.6
  - python >=3.11
  - python
  license: BSD-3-Clause
  license_family: BSD
  size: 20124
  timestamp: 1790028131640
- conda: https://conda.anaconda.org/conda-forge/linux-64/tk-8.6.13-noxft_h1df4ec4_4.conda
  build_number: 104
  sha256: a1a241d172c1ccab067ba245206dd048bc3c2d1b84504b53c9468e99adfc16a1
  md5: 676a2f9b1c4fcf57b70aa5c65f6c60d0
  depends:
  - libgcc >=15
  - __glibc >=2.17,<3.0.a0
  - libzlib >=1.3.2,<2.0a0
  constrains:
  - xorg-libx11 >=1.8.13,<2.0a0
  license: TCL
  purls: []
  size: 3566806
  timestamp: 1787272857910
- conda: https://conda.anaconda.org/conda-forge/noarch/tomli-2.4.1-pyhcf101f3_0.conda
  sha256: 91cafdb64268e43e0e10d30bd1bef5af392e69f00edd34dfaf909f69ab2da6bd
  md5: b5325cf06a000c5b14970462ff5e4d58
  depends:
  - python >=3.10
  - python
  license: MIT
  license_family: MIT
  size: 21561
  timestamp: 1774492402955
- conda: https://conda.anaconda.org/conda-forge/noarch/twine-7.0.0-pyhcf101f3_0.conda
  sha256: 9abcd51d09a4d2da757861ad4684b02ae82ff721db6644e6fe477c5fd7e9278c
  md5: e1d7495efcd3d0bc79bdc6cc5a34b8ba
  depends:
  - id
  - keyring >=21.2.0
  - packaging >=26.1
  - python >=3.10
  - readme_renderer >=35.0
  - requests >=2.20
  - requests-toolbelt >=0.8.0,!=0.9.0
  - rfc3986 >=1.4.0
  - rich >=14.3.3
  - urllib3 >=1.26.0
  - python
  license: Apache-2.0
  license_family: APACHE
  size: 42936
  timestamp: 1785252141368
- conda: https://conda.anaconda.org/conda-forge/noarch/typing_extensions-4.16.0-pyhcf101f3_0.conda
  sha256: 2d888f90af0686044882c74193ec80a90ec1943145d94a7b1b048958acda1848
  md5: c70ad746c22219b9700931707482992c
  depends:
  - python >=3.10
  - python
  license: PSF-2.0
  license_family: PSF
  size: 52631
  timestamp: 1783002732887
- conda: https://conda.anaconda.org/conda-forge/noarch/tzdata-2026c-h151e31d_0.conda
  sha256: b928c30ddcb0e3f544c6eade8352737e6e610e263276b90232db6a578ef899d8
  md5: fcb489df604d100968b737f2cb6076c6
  license: LicenseRef-Public-Domain
  purls: []
  size: 118849
  timestamp: 1784250406640
- conda: https://conda.anaconda.org/conda-forge/noarch/urllib3-2.8.0-pyhd8ed1ab_0.conda
  sha256: c5511c190ab55168ca412f3c54592fbf677ae6250784cb72b227a7cf3f538f7d
  md5: 407a3d3778570bae8e8fcf554e803e43
  depends:
  - backports.zstd >=1.0.0
  - brotli-python >=1.2.0
  - h2 >=4,<5
  - pysocks >=1.5.6,<2.0,!=1.5.7
  - python >=3.11
  license: MIT
  license_family: MIT
  size: 107485
  timestamp: 1789566710244
- conda: https://conda.anaconda.org/conda-forge/noarch/zipp-4.1.0-pyhcf101f3_0.conda
  sha256: 210bd31c22bb88f5e2a167df24c95bb5f152b2ada7502f9b8c49d1f5366db423
  md5: ba3dcdc8584155c97c648ae9c044b7a3
  depends:
  - python >=3.10
  - python
  license: MIT
  license_family: MIT
  size: 24190
  timestamp: 1779159948016
- conda: https://conda.anaconda.org/conda-forge/linux-64/zstd-1.5.7-hb78ec9c_7.conda
  sha256: 47d682b9f6d6ec9eb1a6e6c3e75ea6273e899e78fb7fc59f81d39745009fbc60
  md5: aa459086047c0e5e27023ab19f8cb86a
  depends:
  - __glibc >=2.17,<3.0.a0
  - libzlib >=1.3.2,<2.0a0
  license: BSD-3-Clause
  license_family: BSD
  purls: []
  size: 601301
  timestamp: 1786599621503
